
Microsoft Visual Studio Solution File, Format Version 12.00
# Visual Studio Version 16
VisualStudioVersion = 16.0.31025.218
MinimumVisualStudioVersion = 10.0.40219.1
Project("{FAE04EC0-301F-11D3-BF4B-00C04F79EFBC}") = "MTA_Day2", "MTA_Day2\MTA_Day2.csproj", "{4FB61D66-83D9-4794-8FEC-5BD2F8D4EFD0}"
EndProject
Global
	GlobalSection(SolutionConfigurationPlatforms) = preSolution
		Debug|Any CPU = Debug|Any CPU
		Release|Any CPU = Release|Any CPU
	EndGlobalSection
	GlobalSection(ProjectConfigurationPlatforms) = postSolution
		{4FB61D66-83D9-4794-8FEC-5BD2F8D4EFD0}.Debug|Any CPU.ActiveCfg = Debug|Any CPU
		{4FB61D66-83D9-4794-8FEC-5BD2F8D4EFD0}.Debug|Any CPU.Build.0 = Debug|Any CPU
		{4FB61D66-83D9-4794-8FEC-5BD2F8D4EFD0}.Release|Any CPU.ActiveCfg = Release|Any CPU
		{4FB61D66-83D9-4794-8FEC-5BD2F8D4EFD0}.Release|Any CPU.Build.0 = Release|Any CPU
	EndGlobalSection
	GlobalSection(SolutionProperties) = preSolution
		HideSolutionNode = FALSE
	EndGlobalSection
	GlobalSection(ExtensibilityGlobals) = postSolution
		SolutionGuid = {8C903BEF-2179-40A2-AB77-B96B9FC06398}
	EndGlobalSection
EndGlobal
